
Microsoft Visual Studio Solution File, Format Version 11.00
# Visual Studio 2010
# SharpDevelop 5.1
Project("{FAE04EC0-301F-11D3-BF4B-00C04F79EFBC}") = "StarfireStrike_Albaño_Cristal_Latoja_Marquez_Piguing_Sarmiento", "Form1\StarfireStrike_Albaño_Cristal_Latoja_Marquez_Piguing_Sarmiento.csproj", "{C9E33250-BE04-4988-922C-F41312FAC610}"
EndProject
Global
	GlobalSection(SolutionConfigurationPlatforms) = preSolution
		Debug|Any CPU = Debug|Any CPU
		Release|Any CPU = Release|Any CPU
	EndGlobalSection
	GlobalSection(ProjectConfigurationPlatforms) = postSolution
		{C9E33250-BE04-4988-922C-F41312FAC610}.Debug|Any CPU.ActiveCfg = Debug|Any CPU
		{C9E33250-BE04-4988-922C-F41312FAC610}.Debug|Any CPU.Build.0 = Debug|Any CPU
		{C9E33250-BE04-4988-922C-F41312FAC610}.Release|Any CPU.ActiveCfg = Release|Any CPU
		{C9E33250-BE04-4988-922C-F41312FAC610}.Release|Any CPU.Build.0 = Release|Any CPU
	EndGlobalSection
EndGlobal
